dependencies:
  windicss: 2.4.0
devDependencies:
  '@svitejs/vite-plugin-svelte': 0.10.0_svelte@3.35.0+vite@2.0.5
  svelte: 3.35.0
  svelte-preprocess: 4.6.9_svelte@3.35.0+typescript@4.2.3
  svelte-windicss-preprocess: 3.0.0-beta.9
  typescript: 4.2.3
  vite: 2.0.5
  vite-plugin-windicss: 0.8.1_vite@2.0.5
lockfileVersion: 5.2
packages:
  /@nodelib/fs.scandir/2.1.3:
    dependencies:
      '@nodelib/fs.stat': 2.0.3
      run-parallel: 1.1.9
    dev: true
    engines:
      node: '>= 8'
    resolution:
      integrity: sha512-eGmwYQn3gxo4r7jdQnkrrN6bY478C3P+a/y72IJukF8LjB6ZHeB3c+Ehacj3sYeSmUXGlnA67/PmbM9CVwL7Dw==
  /@nodelib/fs.stat/2.0.3:
    dev: true
    engines:
      node: '>= 8'
    resolution:
      integrity: sha512-bQBFruR2TAwoevBEd/NWMoAAtNGzTRgdrqnYCc7dhzfoNvqPzLyqlEQnzZ3kVnNrSp25iyxE00/3h2fqGAGArA==
  /@nodelib/fs.walk/1.2.4:
    dependencies:
      '@nodelib/fs.scandir': 2.1.3
      fastq: 1.8.0
    dev: true
    engines:
      node: '>= 8'
    resolution:
      integrity: sha512-1V9XOY4rDW0rehzbrcqAmHnz8e7SKvX27gh8Gt2WgB0+pdzdiLV83p72kZPU+jvMbS1qU5mauP2iOvO8rhmurQ==
  /@rollup/pluginutils/4.1.0:
    dependencies:
      estree-walker: 2.0.1
      picomatch: 2.2.2
    dev: true
    engines:
      node: '>= 8.0.0'
    peerDependencies:
      rollup: ^1.20.0||^2.0.0
    resolution:
      integrity: sha512-TrBhfJkFxA+ER+ew2U2/fHbebhLT/l/2pRk0hfj9KusXUuRXd2v0R58AfaZK9VXDQ4TogOSEmICVrQAA3zFnHQ==
  /@svitejs/vite-plugin-svelte/0.10.0_svelte@3.35.0+vite@2.0.5:
    dependencies:
      '@rollup/pluginutils': 4.1.0
      chalk: 4.1.0
      debug: 4.3.1
      hash-sum: 2.0.0
      require-relative: 0.8.7
      slash: 3.0.0
      source-map: 0.7.3
      svelte: 3.35.0
      svelte-hmr: 0.13.0-2_svelte@3.35.0
      vite: 2.0.5
    dev: true
    engines:
      node: '>=12.0.0'
    peerDependencies:
      svelte: ^3.35.0
      vite: ^2.0.5
    resolution:
      integrity: sha512-gttcMIZvLwanYbkfkl77o8mkPKxnYGoqz0xOfz4ZPrzJdan+DzH9b2PEQbpWb53klFKANB7FPBDr7bCaixIT5Q==
  /@types/color-name/1.1.1:
    dev: true
    resolution:
      integrity: sha512-rr+OQyAjxze7GgWrSaJwydHStIhHq2lvY3BOC2Mj7KnzI7XK0Uw1TOOdI9lDoajEbSWLiYgoo4f1R51erQfhPQ==
  /@types/node/14.14.25:
    dev: true
    resolution:
      integrity: sha512-EPpXLOVqDvisVxtlbvzfyqSsFeQxltFbluZNRndIb8tr9KiBnYNLzrc1N3pyKUCww2RNrfHDViqDWWE1LCJQtQ==
  /@types/pug/2.0.4:
    dev: true
    resolution:
      integrity: sha1-h3L80EGOPNLMFxVV1zAHQVBR9LI=
  /@types/sass/1.16.0:
    dependencies:
      '@types/node': 14.14.25
    dev: true
    resolution:
      integrity: sha512-2XZovu4NwcqmtZtsBR5XYLw18T8cBCnU2USFHTnYLLHz9fkhnoEMoDsqShJIOFsFhn5aJHjweiUUdTrDGujegA==
  /@windicss/plugin-utils/0.8.1:
    dependencies:
      fast-glob: 3.2.5
      micromatch: 4.0.2
      sucrase: 3.17.1
      windicss: 2.4.0
    dev: true
    resolution:
      integrity: sha512-SLNtmKuzu3ZbbDUWjJL33s+pn06Pat0iEA6zh0Lbg2z+YI444WWDLT+Ou2NgkjkVL7t2CVc7Ie2PzrgmLO6Bbw==
  /ansi-styles/4.2.1:
    dependencies:
      '@types/color-name': 1.1.1
      color-convert: 2.0.1
    dev: true
    engines:
      node: '>=8'
    resolution:
      integrity: sha512-9VGjrMsG1vePxcSweQsN20KY/c4zN0h9fLjqAbwbPfahM3t+NL+M9HC8xeXG2I8pX5NoamTGNuomEUFI7fcUjA==
  /any-promise/1.3.0:
    dev: true
    resolution:
      integrity: sha1-q8av7tzqUugJzcA3au0845Y10X8=
  /balanced-match/1.0.0:
    dev: true
    resolution:
      integrity: sha1-ibTRmasr7kneFk6gK4nORi1xt2c=
  /brace-expansion/1.1.11:
    dependencies:
      balanced-match: 1.0.0
      concat-map: 0.0.1
    dev: true
    resolution:
      integrity: sha512-iCuPHDFgrHX7H2vEI/5xpz07zSHB00TpugqhmYtVmMO6518mCuRMoOYFldEBl0g187ufozdaHgWKcYFb61qGiA==
  /braces/3.0.2:
    dependencies:
      fill-range: 7.0.1
    dev: true
    engines:
      node: '>=8'
    resolution:
      integrity: sha512-b8um+L1RzM3WDSzvhm6gIz1yfTbBt6YTlcEKAvsmqCZZFw46z626lVj9j1yEPW33H5H+lBQpZMP1k8l+78Ha0A==
  /chalk/4.1.0:
    dependencies:
      ansi-styles: 4.2.1
      supports-color: 7.1.0
    dev: true
    engines:
      node: '>=10'
    resolution:
      integrity: sha512-qwx12AxXe2Q5xQ43Ac//I6v5aXTipYrSESdOgzrN+9XjgEpyjpKuvSGaN4qE93f7TQTlerQQ8S+EQ0EyDoVL1A==
  /color-convert/2.0.1:
    dependencies:
      color-name: 1.1.4
    dev: true
    engines:
      node: '>=7.0.0'
    resolution:
      integrity: sha512-RRECPsj7iu/xb5oKYcsFHSppFNnsj/52OVTRKb4zP5onXwVF3zVmmToNcOfGC+CRDpfK/U584fMg38ZHCaElKQ==
  /color-name/1.1.4:
    dev: true
    resolution:
      integrity: sha512-dOy+3AuW3a2wNbZHIuMZpTcgjGuLU/uBL/ubcZF9OXbDo8ff4O8yVp5Bf0efS8uEoYo5q4Fx7dY9OgQGXgAsQA==
  /colorette/1.2.2:
    dev: true
    resolution:
      integrity: sha512-MKGMzyfeuutC/ZJ1cba9NqcNpfeqMUcYmyF1ZFY6/Cn7CNSAKx6a+s48sqLqyAiZuaP2TcqMhoo+dlwFnVxT9w==
  /commander/4.1.1:
    dev: true
    engines:
      node: '>= 6'
    resolution:
      integrity: sha512-NOKm8xhkzAjzFx8B2v5OAHT+u5pRQc2UCa2Vq9jYL/31o2wi9mxBA7LIFs3sV5VSC49z6pEhfbMULvShKj26WA==
  /concat-map/0.0.1:
    dev: true
    resolution:
      integrity: sha1-2Klr13/Wjfd5OnMDajug1UBdR3s=
  /debug/4.3.1:
    dependencies:
      ms: 2.1.2
    dev: true
    engines:
      node: '>=6.0'
    peerDependencies:
      supports-color: '*'
    peerDependenciesMeta:
      supports-color:
        optional: true
    resolution:
      integrity: sha512-doEwdvm4PCeK4K3RQN2ZC2BYUBaxwLARCqZmMjtF8a51J2Rb0xpVloFRnCODwqjpwnAoao4pelN8l3RJdv3gRQ==
  /detect-indent/6.0.0:
    dev: true
    engines:
      node: '>=8'
    resolution:
      integrity: sha512-oSyFlqaTHCItVRGK5RmrmjB+CmaMOW7IaNA/kdxqhoa6d17j/5ce9O9eWXmV/KEdRwqpQA+Vqe8a8Bsybu4YnA==
  /esbuild/0.8.56:
    dev: true
    hasBin: true
    requiresBuild: true
    resolution:
      integrity: sha512-PTMdAWK3JI2MNW811znGssGP5GR44tQPr++VQ1rPP0n8Z1cTKbCPD3S/kXPLr3ZZDIwAaVm08fuFym6Rp8l/0A==
  /estree-walker/2.0.1:
    dev: true
    resolution:
      integrity: sha512-tF0hv+Yi2Ot1cwj9eYHtxC0jB9bmjacjQs6ZBTj82H8JwUywFuc+7E83NWfNMwHXZc11mjfFcVXPe9gEP4B8dg==
  /fast-glob/3.2.5:
    dependencies:
      '@nodelib/fs.stat': 2.0.3
      '@nodelib/fs.walk': 1.2.4
      glob-parent: 5.1.1
      merge2: 1.4.1
      micromatch: 4.0.2
      picomatch: 2.2.2
    dev: true
    engines:
      node: '>=8'
    resolution:
      integrity: sha512-2DtFcgT68wiTTiwZ2hNdJfcHNke9XOfnwmBRWXhmeKM8rF0TGwmC/Qto3S7RoZKp5cilZbxzO5iTNTQsJ+EeDg==
  /fastq/1.8.0:
    dependencies:
      reusify: 1.0.4
    dev: true
    resolution:
      integrity: sha512-SMIZoZdLh/fgofivvIkmknUXyPnvxRE3DhtZ5Me3Mrsk5gyPL42F0xr51TdRXskBxHfMp+07bcYzfsYEsSQA9Q==
  /fill-range/7.0.1:
    dependencies:
      to-regex-range: 5.0.1
    dev: true
    engines:
      node: '>=8'
    resolution:
      integrity: sha512-qOo9F+dMUmC2Lcb4BbVvnKJxTPjCm+RRpe4gDuGrzkL7mEVl/djYSu2OdQ2Pa302N4oqkSg9ir6jaLWJ2USVpQ==
  /fs.realpath/1.0.0:
    dev: true
    resolution:
      integrity: sha1-FQStJSMVjKpA20onh8sBQRmU6k8=
  /fsevents/2.3.2:
    dev: true
    engines:
      node: ^8.16.0 || ^10.6.0 || >=11.0.0
    optional: true
    os:
      - darwin
    resolution:
      integrity: sha512-xiqMQR4xAeHTuB9uWm+fFRcIOgKBMiOBP+eXiyT7jsgVCq1bkVygt00oASowB7EdtpOHaaPgKt812P9ab+DDKA==
  /function-bind/1.1.1:
    dev: true
    resolution:
      integrity: sha512-yIovAzMX49sF8Yl58fSCWJ5svSLuaibPxXQJFLmBObTuCr0Mf1KiPopGM9NiFjiYBCbfaa2Fh6breQ6ANVTI0A==
  /glob-parent/5.1.1:
    dependencies:
      is-glob: 4.0.1
    dev: true
    engines:
      node: '>= 6'
    resolution:
      integrity: sha512-FnI+VGOpnlGHWZxthPGR+QhR78fuiK0sNLkHQv+bL9fQi57lNNdquIbna/WrfROrolq8GK5Ek6BiMwqL/voRYQ==
  /glob/7.1.6:
    dependencies:
      fs.realpath: 1.0.0
      inflight: 1.0.6
      inherits: 2.0.4
      minimatch: 3.0.4
      once: 1.4.0
      path-is-absolute: 1.0.1
    dev: true
    resolution:
      integrity: sha512-LwaxwyZ72Lk7vZINtNNrywX0ZuLyStrdDtabefZKAY5ZGJhVtgdznluResxNmPitE0SAO+O26sWTHeKSI2wMBA==
  /has-flag/4.0.0:
    dev: true
    engines:
      node: '>=8'
    resolution:
      integrity: sha512-EykJT/Q1KjTWctppgIAgfSO0tKVuZUjhgMr17kqTumMl6Afv3EISleU7qZUzoXDFTAHTDC4NOoG/ZxU3EvlMPQ==
  /has/1.0.3:
    dependencies:
      function-bind: 1.1.1
    dev: true
    engines:
      node: '>= 0.4.0'
    resolution:
      integrity: sha512-f2dvO0VU6Oej7RkWJGrehjbzMAjFp5/VKPp5tTpWIV4JHHZK1/BxbFRtf/siA2SWTe09caDmVtYYzWEIbBS4zw==
  /hash-sum/2.0.0:
    dev: true
    resolution:
      integrity: sha512-WdZTbAByD+pHfl/g9QSsBIIwy8IT+EsPiKDs0KNX+zSHhdDLFKdZu0BQHljvO+0QI/BasbMSUa8wYNCZTvhslg==
  /inflight/1.0.6:
    dependencies:
      once: 1.4.0
      wrappy: 1.0.2
    dev: true
    resolution:
      integrity: sha1-Sb1jMdfQLQwJvJEKEHW6gWW1bfk=
  /inherits/2.0.4:
    dev: true
    resolution:
      integrity: sha512-k/vGaX4/Yla3WzyMCvTQOXYeIHvqOKtnqBduzTHpzpQZzAskKMhZ2K+EnBiSM9zGSoIFeMpXKxa4dYeZIQqewQ==
  /is-core-module/2.2.0:
    dependencies:
      has: 1.0.3
    dev: true
    resolution:
      integrity: sha512-XRAfAdyyY5F5cOXn7hYQDqh2Xmii+DEfIcQGxK/uNwMHhIkPWO0g8msXcbzLe+MpGoR951MlqM/2iIlU4vKDdQ==
  /is-extglob/2.1.1:
    dev: true
    engines:
      node: '>=0.10.0'
    resolution:
      integrity: sha1-qIwCU1eR8C7TfHahueqXc8gz+MI=
  /is-glob/4.0.1:
    dependencies:
      is-extglob: 2.1.1
    dev: true
    engines:
      node: '>=0.10.0'
    resolution:
      integrity: sha512-5G0tKtBTFImOqDnLB2hG6Bp2qcKEFduo4tZu9MT/H6NQv/ghhy30o55ufafxJ/LdH79LLs2Kfrn85TLKyA7BUg==
  /is-number/7.0.0:
    dev: true
    engines:
      node: '>=0.12.0'
    resolution:
      integrity: sha512-41Cifkg6e8TylSpdtTpeLVMqvSBEVzTttHvERD741+pnZ8ANv0004MRL43QKPDlK9cGvNp6NZWZUBlbGXYxxng==
  /lines-and-columns/1.1.6:
    dev: true
    resolution:
      integrity: sha1-HADHQ7QzzQpOgHWPe2SldEDZ/wA=
  /magic-string/0.25.7:
    dependencies:
      sourcemap-codec: 1.4.8
    dev: true
    resolution:
      integrity: sha512-4CrMT5DOHTDk4HYDlzmwu4FVCcIYI8gauveasrdCu2IKIFOJ3f0v/8MDGJCDL9oD2ppz/Av1b0Nj345H9M+XIA==
  /merge2/1.4.1:
    dev: true
    engines:
      node: '>= 8'
    resolution:
      integrity: sha512-8q7VEgMJW4J8tcfVPy8g09NcQwZdbwFEqhe/WZkoIzjn/3TGDwtOCYtXGxA3O8tPzpczCCDgv+P2P5y00ZJOOg==
  /micromatch/4.0.2:
    dependencies:
      braces: 3.0.2
      picomatch: 2.2.2
    dev: true
    engines:
      node: '>=8'
    resolution:
      integrity: sha512-y7FpHSbMUMoyPbYUSzO6PaZ6FyRnQOpHuKwbo1G+Knck95XVU4QAiKdGEnj5wwoS7PlOgthX/09u5iFJ+aYf5Q==
  /min-indent/1.0.1:
    dev: true
    engines:
      node: '>=4'
    resolution:
      integrity: sha512-I9jwMn07Sy/IwOj3zVkVik2JTvgpaykDZEigL6Rx6N9LbMywwUSMtxET+7lVoDLLd3O3IXwJwvuuns8UB/HeAg==
  /minimatch/3.0.4:
    dependencies:
      brace-expansion: 1.1.11
    dev: true
    resolution:
      integrity: sha512-yJHVQEhyqPLUTgt9B83PXu6W3rx4MvvHvSUvToogpwoGDOUQ+yDrR0HRot+yOCdCO7u4hX3pWft6kWBBcqh0UA==
  /ms/2.1.2:
    dev: true
    resolution:
      integrity: sha512-sGkPx+VjMtmA6MX27oA4FBFELFCZZ4S4XqeGOXCv68tT+jb3vk/RyaKWP0PTKyWtmLSM0b+adUTEvbs1PEaH2w==
  /mz/2.7.0:
    dependencies:
      any-promise: 1.3.0
      object-assign: 4.1.1
      thenify-all: 1.6.0
    dev: true
    resolution:
      integrity: sha512-z81GNO7nnYMEhrGh9LeymoE4+Yr0Wn5McHIZMK5cfQCl+NDX08sCZgUc9/6MHni9IWuFLm1Z3HTCXu2z9fN62Q==
  /nanoid/3.1.20:
    dev: true
    engines:
      node: ^10 || ^12 || ^13.7 || ^14 || >=15.0.1
    hasBin: true
    resolution:
      integrity: sha512-a1cQNyczgKbLX9jwbS/+d7W8fX/RfgYR7lVWwWOGIPNgK2m0MWvrGF6/m4kk6U3QcFMnZf3RIhL0v2Jgh/0Uxw==
  /node-modules-regexp/1.0.0:
    dev: true
    engines:
      node: '>=0.10.0'
    resolution:
      integrity: sha1-jZ2+KJZKSsVxLpExZCEHxx6Q7EA=
  /object-assign/4.1.1:
    dev: true
    engines:
      node: '>=0.10.0'
    resolution:
      integrity: sha1-IQmtx5ZYh8/AXLvUQsrIv7s2CGM=
  /once/1.4.0:
    dependencies:
      wrappy: 1.0.2
    dev: true
    resolution:
      integrity: sha1-WDsap3WWHUsROsF9nFC6753Xa9E=
  /path-is-absolute/1.0.1:
    dev: true
    engines:
      node: '>=0.10.0'
    resolution:
      integrity: sha1-F0uSaHNVNP+8es5r9TpanhtcX18=
  /path-parse/1.0.6:
    dev: true
    resolution:
      integrity: sha512-GSmOT2EbHrINBf9SR7CDELwlJ8AENk3Qn7OikK4nFYAu3Ote2+JYNVvkpAEQm3/TLNEJFD/xZJjzyxg3KBWOzw==
  /picomatch/2.2.2:
    dev: true
    engines:
      node: '>=8.6'
    resolution:
      integrity: sha512-q0M/9eZHzmr0AulXyPwNfZjtwZ/RBZlbN3K3CErVrk50T2ASYI7Bye0EvekFY3IP1Nt2DHu0re+V2ZHIpMkuWg==
  /pirates/4.0.1:
    dependencies:
      node-modules-regexp: 1.0.0
    dev: true
    engines:
      node: '>= 6'
    resolution:
      integrity: sha512-WuNqLTbMI3tmfef2TKxlQmAiLHKtFhlsCZnPIpuv2Ow0RDVO8lfy1Opf4NUzlMXLjPl+Men7AuVdX6TA+s+uGA==
  /postcss/8.2.7:
    dependencies:
      colorette: 1.2.2
      nanoid: 3.1.20
      source-map: 0.6.1
    dev: true
    engines:
      node: ^10 || ^12 || >=14
    resolution:
      integrity: sha512-DsVLH3xJzut+VT+rYr0mtvOtpTjSyqDwPf5EZWXcb0uAKfitGpTY9Ec+afi2+TgdN8rWS9Cs88UDYehKo/RvOw==
  /prettier-plugin-svelte/2.2.0_prettier@2.2.1+svelte@3.35.0:
    dependencies:
      prettier: 2.2.1
      svelte: 3.35.0
    dev: true
    peerDependencies:
      prettier: ^1.16.4 || ^2.0.0
      svelte: ^3.2.0
    resolution:
      integrity: sha512-Xdmqgr71tAuMqqzNCK52/v94g/Yv7V7lz+nmbO9NEA+9ol15VV3uUHOfydMNOo3SWvFaVlBcp947ebEaMWqVfQ==
  /prettier/2.2.1:
    dev: true
    engines:
      node: '>=10.13.0'
    hasBin: true
    resolution:
      integrity: sha512-PqyhM2yCjg/oKkFPtTGUojv7gnZAoG80ttl45O6x2Ug/rMJw4wcc9k6aaf2hibP7BGVCCM33gZoGjyvt9mm16Q==
  /require-relative/0.8.7:
    dev: true
    resolution:
      integrity: sha1-eZlTn8ngR6N5KPoZb44VY9q9Nt4=
  /resolve/1.20.0:
    dependencies:
      is-core-module: 2.2.0
      path-parse: 1.0.6
    dev: true
    resolution:
      integrity: sha512-wENBPt4ySzg4ybFQW2TT1zMQucPK95HSh/nq2CFTZVOGut2+pQvSsgtda4d26YrYcr067wjbmzOG8byDPBX63A==
  /reusify/1.0.4:
    dev: true
    engines:
      iojs: '>=1.0.0'
      node: '>=0.10.0'
    resolution:
      integrity: sha512-U9nH88a3fc/ekCF1l0/UP1IosiuIjyTh7hBvXVMHYgVcfGvt897Xguj2UOLDeI5BG2m7/uwyaLVT6fbtCwTyzw==
  /rollup/2.40.0:
    dev: true
    engines:
      node: '>=10.0.0'
    hasBin: true
    optionalDependencies:
      fsevents: 2.3.2
    resolution:
      integrity: sha512-WiOGAPbXoHu+TOz6hyYUxIksOwsY/21TRWoO593jgYt8mvYafYqQl+axaA8y1z2HFazNUUrsMSjahV2A6/2R9A==
  /run-parallel/1.1.9:
    dev: true
    resolution:
      integrity: sha512-DEqnSRTDw/Tc3FXf49zedI638Z9onwUotBMiUFKmrO2sdFKIbXamXGQ3Axd4qgphxKB4kw/qP1w5kTxnfU1B9Q==
  /slash/3.0.0:
    dev: true
    engines:
      node: '>=8'
    resolution:
      integrity: sha512-g9Q1haeby36OSStwb4ntCGGGaKsaVSjQ68fBxoQcutl5fS1vuY18H3wSt3jFyFtrkx+Kz0V1G85A4MyAdDMi2Q==
  /source-map/0.6.1:
    dev: true
    engines:
      node: '>=0.10.0'
    resolution:
      integrity: sha512-UjgapumWlbMhkBgzT7Ykc5YXUT46F0iKu8SGXq0bcwP5dz/h0Plj6enJqjz1Zbq2l5WaqYnrVbwWOWMyF3F47g==
  /source-map/0.7.3:
    dev: true
    engines:
      node: '>= 8'
    resolution:
      integrity: sha512-CkCj6giN3S+n9qrYiBTX5gystlENnRW5jZeNLHpe6aue+SrHcG5VYwujhW9s4dY31mEGsxBDrHR6oI69fTXsaQ==
  /sourcemap-codec/1.4.8:
    dev: true
    resolution:
      integrity: sha512-9NykojV5Uih4lgo5So5dtw+f0JgJX30KCNI8gwhz2J9A15wD0Ml6tjHKwf6fTSa6fAdVBdZeNOs9eJ71qCk8vA==
  /strip-indent/3.0.0:
    dependencies:
      min-indent: 1.0.1
    dev: true
    engines:
      node: '>=8'
    resolution:
      integrity: sha512-laJTa3Jb+VQpaC6DseHhF7dXVqHTfJPCRDaEbid/drOhgitgYku/letMUqOXFoWV0zIIUbjpdH2t+tYj4bQMRQ==
  /sucrase/3.17.1:
    dependencies:
      commander: 4.1.1
      glob: 7.1.6
      lines-and-columns: 1.1.6
      mz: 2.7.0
      pirates: 4.0.1
      ts-interface-checker: 0.1.13
    dev: true
    engines:
      node: '>=8'
    hasBin: true
    resolution:
      integrity: sha512-04cNLFAhS4NBG2Z/MTkLY6HdoBsqErv3wCncymFlfFtnpMthurlWYML2RlID4M2BbiJSu1eZdQnE8Lcz4PCe2g==
  /supports-color/7.1.0:
    dependencies:
      has-flag: 4.0.0
    dev: true
    engines:
      node: '>=8'
    resolution:
      integrity: sha512-oRSIpR8pxT1Wr2FquTNnGet79b3BWljqOuoW/h4oBhxJ/HUbX5nX6JSruTkvXDCFMwDPvsaTTbvMLKZWSy0R5g==
  /svelte-hmr/0.13.0-2_svelte@3.35.0:
    dependencies:
      svelte: 3.35.0
    dev: true
    peerDependencies:
      svelte: '>=3.19.0'
    resolution:
      integrity: sha512-3Sqxbs5hG212oweKhHzh2S7jVScylzbVXuEkydgdS9NpvcdnyCSufpaJSUNxUGc02wgjWugtqaJXs1DybAjRpw==
  /svelte-preprocess/4.6.9_svelte@3.35.0+typescript@4.2.3:
    dependencies:
      '@types/pug': 2.0.4
      '@types/sass': 1.16.0
      detect-indent: 6.0.0
      strip-indent: 3.0.0
      svelte: 3.35.0
      typescript: 4.2.3
    dev: true
    engines:
      node: '>= 9.11.2'
    peerDependencies:
      '@babel/core': ^7.10.2
      coffeescript: ^2.5.1
      less: ^3.11.3
      node-sass: '*'
      postcss: ^7 || ^8
      postcss-load-config: ^2.1.0 || ^3.0.0
      pug: ^3.0.0
      sass: ^1.26.8
      stylus: ^0.54.7
      sugarss: ^2.0.0
      svelte: ^3.23.0
      typescript: ^3.9.5 || ^4.0.0
    peerDependenciesMeta:
      '@babel/core':
        optional: true
      coffeescript:
        optional: true
      less:
        optional: true
      node-sass:
        optional: true
      postcss:
        optional: true
      postcss-load-config:
        optional: true
      pug:
        optional: true
      sass:
        optional: true
      stylus:
        optional: true
      sugarss:
        optional: true
      typescript:
        optional: true
    requiresBuild: true
    resolution:
      integrity: sha512-SROWH0rB0DJ+0Ii264cprmNu/NJyZacs5wFD71ya93Cg/oA2lKHgQm4F6j0EWA4ktFMzeuJJm/eX6fka39hEHA==
  /svelte-windicss-preprocess/3.0.0-beta.9:
    dependencies:
      chalk: 4.1.0
      magic-string: 0.25.7
      prettier: 2.2.1
      prettier-plugin-svelte: 2.2.0_prettier@2.2.1+svelte@3.35.0
      svelte: 3.35.0
      windicss: 2.4.0
    dev: true
    resolution:
      integrity: sha512-alIICoBr2Fsus44ZeeXRoGHdu2Kle39pSkRX2e/0O+Dblhdn7lzNQmWQSrKVsWlOWrEIrzy6kZsEA+PD77Stug==
  /svelte/3.35.0:
    dev: true
    engines:
      node: '>= 8'
    resolution:
      integrity: sha512-gknlZkR2sXheu/X+B7dDImwANVvK1R0QGQLd8CNIfxxGPeXBmePnxfzb6fWwTQRsYQG7lYkZXvpXJvxvpsoB7g==
  /thenify-all/1.6.0:
    dependencies:
      thenify: 3.3.1
    dev: true
    engines:
      node: '>=0.8'
    resolution:
      integrity: sha1-GhkY1ALY/D+Y+/I02wvMjMEOlyY=
  /thenify/3.3.1:
    dependencies:
      any-promise: 1.3.0
    dev: true
    resolution:
      integrity: sha512-RVZSIV5IG10Hk3enotrhvz0T9em6cyHBLkH/YAZuKqd8hRkKhSfCGIcP2KUY0EPxndzANBmNllzWPwak+bheSw==
  /to-regex-range/5.0.1:
    dependencies:
      is-number: 7.0.0
    dev: true
    engines:
      node: '>=8.0'
    resolution:
      integrity: sha512-65P7iz6X5yEr1cwcgvQxbbIw7Uk3gOy5dIdtZ4rDveLqhrdJP+Li/Hx6tyK0NEb+2GCyneCMJiGqrADCSNk8sQ==
  /ts-interface-checker/0.1.13:
    dev: true
    resolution:
      integrity: sha512-Y/arvbn+rrz3JCKl9C4kVNfTfSm2/mEp5FSz5EsZSANGPSlQrpRI5M4PKF+mJnE52jOO90PnPSc3Ur3bTQw0gA==
  /typescript/4.2.3:
    dev: true
    engines:
      node: '>=4.2.0'
    hasBin: true
    resolution:
      integrity: sha512-qOcYwxaByStAWrBf4x0fibwZvMRG+r4cQoTjbPtUlrWjBHbmCAww1i448U0GJ+3cNNEtebDteo/cHOR3xJ4wEw==
  /vite-plugin-windicss/0.8.1_vite@2.0.5:
    dependencies:
      '@windicss/plugin-utils': 0.8.1
      vite: 2.0.5
      windicss: 2.4.0
    dev: true
    peerDependencies:
      vite: ^2.0.1
    resolution:
      integrity: sha512-jd8tGG/kiQO7xs19jmQkIJa69TC+o9ohzIWVqaU3Z4rxESCgCND/qL28BFzYi2/Uy2PHjIOeAbrLRvD12E6DYw==
  /vite/2.0.5:
    dependencies:
      esbuild: 0.8.56
      postcss: 8.2.7
      resolve: 1.20.0
      rollup: 2.40.0
    dev: true
    engines:
      node: '>=12.0.0'
    hasBin: true
    optionalDependencies:
      fsevents: 2.3.2
    resolution:
      integrity: sha512-QTgEDbq1WsTtr6j+++ewjhBFEk6c8v0xz4fb/OWJQKNYU8ZZtphOshwOqAlnarSstPBtWCBR0tsugXx6ajfoUg==
  /windicss/2.4.0:
    engines:
      node: '>= 12'
    hasBin: true
    resolution:
      integrity: sha512-EcGkGnZpuoH0r/hNuj4GLheb9Lg3P+s5KOHUZU63zkl6yoMQNAwTvNXai7OjylbXLFDEWii7SAJbwQIFxE56qQ==
  /wrappy/1.0.2:
    dev: true
    resolution:
      integrity: sha1-tSQ9jz7BqjXxNkYFvA0QNuMKtp8=
specifiers:
  '@svitejs/vite-plugin-svelte': '*'
  svelte: '*'
  svelte-preprocess: ^4.6.9
  svelte-windicss-preprocess: ^3.0.0-beta.9
  typescript: '*'
  vite: '*'
  vite-plugin-windicss: '*'
  windicss: ^2.4.0
